{
  "name": "boda-web",
  "version": "1.0.0",
  "lockfileVersion": 3,
  "requires": true,
  "packages": {
    "": {
      "name": "boda-web",
      "version": "1.0.0",
      "license": "ISC",
      "dependencies": {
        "bson": "^7.0.0"
      },
      "engines": {
        "node": ">=18.0.0"
      }
    },
    "node_modules/bson": {
      "version": "7.0.0",
      "resolved": "https://registry.npmjs.org/bson/-/bson-7.0.0.tgz",
      "integrity": "sha512-Kwc6Wh4lQ5OmkqqKhYGKIuELXl+EPYSCObVE6bWsp1T/cGkOCBN0I8wF/T44BiuhHyNi1mmKVPXk60d41xZ7kw==",
      "license": "Apache-2.0",
      "engines": {
        "node": ">=20.19.0"
      }
    }
  }
}
