{
  "name": "boda-web",
  "version": "1.0.0",
  "lockfileVersion": 3,
  "requires": true,
  "packages": {
    "": {
      "name": "boda-web",
      "version": "1.0.0",
      "license": "ISC",
      "dependencies": {
        "@svar-ui/react-comments": "^2.3.1",
        "@svar-ui/react-core": "^2.3.1",
        "bson": "^7.0.0"
      },
      "engines": {
        "node": ">=18.0.0"
      }
    },
    "node_modules/@svar-ui/comments-locales": {
      "version": "2.4.0",
      "resolved": "https://registry.npmjs.org/@svar-ui/comments-locales/-/comments-locales-2.4.0.tgz",
      "integrity": "sha512-StcviQBWrfs4iulgNAb7rjycBe6fsv2/UvmeZpHNHSvSGCMF+q5Cx0FczwgCXd+dVQI6QPhfOPunmu64hzgIWg==",
      "license": "MIT"
    },
    "node_modules/@svar-ui/core-locales": {
      "version": "2.4.0",
      "resolved": "https://registry.npmjs.org/@svar-ui/core-locales/-/core-locales-2.4.0.tgz",
      "integrity": "sha512-FXB4MtqbZw4TNdPfELsMum6y5Tgu0PRA7a6upJjLWDYJjlcYEcyT49iJONb30gPIL7HgJkUylJnz6iNuNA3Icw==",
      "license": "MIT"
    },
    "node_modules/@svar-ui/lib-data-provider": {
      "version": "1.7.1",
      "resolved": "https://registry.npmjs.org/@svar-ui/lib-data-provider/-/lib-data-provider-1.7.1.tgz",
      "integrity": "sha512-5Bi9ywngcMTKpGtan0s7q8ivd84Bp0ZnRP+5bLZg6oiRB7YMyN5D5X+apc3CWDAnG4zZn3en4YwS2qc/aHIIuQ==",
      "license": "MIT",
      "dependencies": {
        "@svar-ui/lib-state": "1.9.6"
      }
    },
    "node_modules/@svar-ui/lib-dom": {
      "version": "0.9.2",
      "resolved": "https://registry.npmjs.org/@svar-ui/lib-dom/-/lib-dom-0.9.2.tgz",
      "integrity": "sha512-U/+2dPuO4GvCxPfyA20XP+cn/5NqJjobS/ZvwTUj1UVMycnIkFRVukboV58LviP5mLJw4o/k1vAgank7sfBEpA==",
      "license": "MIT"
    },
    "node_modules/@svar-ui/lib-react": {
      "version": "1.1.1",
      "resolved": "https://registry.npmjs.org/@svar-ui/lib-react/-/lib-react-1.1.1.tgz",
      "integrity": "sha512-FPhO9ON12b6ZcSUt7Q/Zua1xL707UrMXCTSLwgf8bKjMSCTYVj602OIm6xR9OEmGvOy2mUhpOZUoZiCMsF1MFA==",
      "license": "MIT",
      "dependencies": {
        "@svar-ui/lib-dom": "^0.9.2"
      }
    },
    "node_modules/@svar-ui/lib-state": {
      "version": "1.9.6",
      "resolved": "https://registry.npmjs.org/@svar-ui/lib-state/-/lib-state-1.9.6.tgz",
      "integrity": "sha512-twoHa8wZvzdxtES68s6Wnp4Xi1WivScNaFFK6sJ6WDgqVYOzJw0ZhVVrdwHQgieLITTKl/DYh/U3nuqtMetKYw==",
      "license": "MIT"
    },
    "node_modules/@svar-ui/react-comments": {
      "version": "2.3.1",
      "resolved": "https://registry.npmjs.org/@svar-ui/react-comments/-/react-comments-2.3.1.tgz",
      "integrity": "sha512-YsFAFM4LHn/l6Mz7r8NNYP1a6jINNBKkH5epMey4iOWVLgoryNwpxQso5f9qmkVZk+LwMpNYTxOgm8IqEpndbg==",
      "license": "MIT",
      "dependencies": {
        "@svar-ui/comments-locales": "^2.3.1",
        "@svar-ui/core-locales": "^2.3.0",
        "@svar-ui/lib-data-provider": "1.7.1",
        "@svar-ui/lib-dom": "0.9.2",
        "@svar-ui/lib-state": "1.9.6",
        "@svar-ui/react-core": "2.3.1",
        "@svar-ui/react-menu": "2.3.1"
      },
      "peerDependencies": {
        "react": ">=18",
        "react-dom": ">=18"
      }
    },
    "node_modules/@svar-ui/react-core": {
      "version": "2.3.1",
      "resolved": "https://registry.npmjs.org/@svar-ui/react-core/-/react-core-2.3.1.tgz",
      "integrity": "sha512-J4IkKf+pwVjO+p0vINW+kqXI/0Zb6CtefY39hMyRYF+X0VV+1/5rj0sQBH5eR5A76Y/oX+dUT2uStYtydPolcg==",
      "license": "MIT",
      "dependencies": {
        "@svar-ui/core-locales": "^2.3.0",
        "@svar-ui/lib-dom": "0.9.2",
        "@svar-ui/lib-react": "1.1.1"
      },
      "peerDependencies": {
        "react": ">=18",
        "react-dom": ">=18"
      }
    },
    "node_modules/@svar-ui/react-menu": {
      "version": "2.3.1",
      "resolved": "https://registry.npmjs.org/@svar-ui/react-menu/-/react-menu-2.3.1.tgz",
      "integrity": "sha512-fg2zlNnwiL5wcFaCdVghEU+8GybLPcm4Wi9BvKhYm1j2dzcdEYCSusArWcUR7XsnybKGxHfjjRjGse0FC3f3wg==",
      "license": "MIT",
      "dependencies": {
        "@svar-ui/core-locales": "2.3.1",
        "@svar-ui/lib-dom": "0.9.2",
        "@svar-ui/react-core": "2.3.1"
      },
      "peerDependencies": {
        "react": ">=18",
        "react-dom": ">=18"
      }
    },
    "node_modules/@svar-ui/react-menu/node_modules/@svar-ui/core-locales": {
      "version": "2.3.1",
      "resolved": "https://registry.npmjs.org/@svar-ui/core-locales/-/core-locales-2.3.1.tgz",
      "integrity": "sha512-wv1oWjNVUoG2s3E0TOFvDVAv29WrSzfsS4bjsop9sFF7VAUIJ7wGGGkTbJcBTJZvAuKNFm10/mY1jV253cPXfQ==",
      "license": "MIT"
    },
    "node_modules/bson": {
      "version": "7.0.0",
      "resolved": "https://registry.npmjs.org/bson/-/bson-7.0.0.tgz",
      "integrity": "sha512-Kwc6Wh4lQ5OmkqqKhYGKIuELXl+EPYSCObVE6bWsp1T/cGkOCBN0I8wF/T44BiuhHyNi1mmKVPXk60d41xZ7kw==",
      "license": "Apache-2.0",
      "engines": {
        "node": ">=20.19.0"
      }
    },
    "node_modules/react": {
      "version": "19.2.1",
      "resolved": "https://registry.npmjs.org/react/-/react-19.2.1.tgz",
      "integrity": "sha512-DGrYcCWK7tvYMnWh79yrPHt+vdx9tY+1gPZa7nJQtO/p8bLTDaHp4dzwEhQB7pZ4Xe3ok4XKuEPrVuc+wlpkmw==",
      "license": "MIT",
      "peer": true,
      "engines": {
        "node": ">=0.10.0"
      }
    },
    "node_modules/react-dom": {
      "version": "19.2.1",
      "resolved": "https://registry.npmjs.org/react-dom/-/react-dom-19.2.1.tgz",
      "integrity": "sha512-ibrK8llX2a4eOskq1mXKu/TGZj9qzomO+sNfO98M6d9zIPOEhlBkMkBUBLd1vgS0gQsLDBzA+8jJBVXDnfHmJg==",
      "license": "MIT",
      "peer": true,
      "dependencies": {
        "scheduler": "^0.27.0"
      },
      "peerDependencies": {
        "react": "^19.2.1"
      }
    },
    "node_modules/scheduler": {
      "version": "0.27.0",
      "resolved": "https://registry.npmjs.org/scheduler/-/scheduler-0.27.0.tgz",
      "integrity": "sha512-eNv+WrVbKu1f3vbYJT/xtiF5syA5HPIMtf9IgY/nKg0sWqzAUEvqY/xm7OcZc/qafLx/iO9FgOmeSAp4v5ti/Q==",
      "license": "MIT",
      "peer": true
    }
  }
}
